
Microsoft Visual Studio Solution File, Format Version 12.00
# Visual Studio 15
VisualStudioVersion = 15.0.28010.2041
MinimumVisualStudioVersion = 10.0.40219.1
Project("{FAE04EC0-301F-11D3-BF4B-00C04F79EFBC}") = "MDEdit", "MDEdit\MDEdit.csproj", "{7477B00A-8C7E-468D-BA9E-4BF34ACCAC8C}"
EndProject
Global
	GlobalSection(SolutionConfigurationPlatforms) = preSolution
		Debug|Any CPU = Debug|Any CPU
		Release|Any CPU = Release|Any CPU
	EndGlobalSection
	GlobalSection(ProjectConfigurationPlatforms) = postSolution
		{7477B00A-8C7E-468D-BA9E-4BF34ACCAC8C}.Debug|Any CPU.ActiveCfg = Debug|Any CPU
		{7477B00A-8C7E-468D-BA9E-4BF34ACCAC8C}.Debug|Any CPU.Build.0 = Debug|Any CPU
		{7477B00A-8C7E-468D-BA9E-4BF34ACCAC8C}.Release|Any CPU.ActiveCfg = Release|Any CPU
		{7477B00A-8C7E-468D-BA9E-4BF34ACCAC8C}.Release|Any CPU.Build.0 = Release|Any CPU
	EndGlobalSection
	GlobalSection(SolutionProperties) = preSolution
		HideSolutionNode = FALSE
	EndGlobalSection
	GlobalSection(ExtensibilityGlobals) = postSolution
		SolutionGuid = {2C4C9D56-E850-4862-AF6B-A3AD826708F8}
	EndGlobalSection
EndGlobal
